{
  "version": 4,
  "terraform_version": "1.7.0",
  "serial": 6,
  "lineage": "83e763dd-cdff-c7ab-6ecf-3e2069827353",
  "outputs": {},
  "resources": [
    {
      "mode": "managed",
      "type": "newrelic_notification_channel",
      "name": "webhook_channel",
      "provider": "provider[\"registry.terraform.io/newrelic/newrelic\"]",
      "instances": [
        {
          "index_key": 0,
          "schema_version": 0,
          "attributes": {
            "account_id": 4438265,
            "active": true,
            "destination_id": "5d1a3c76-9118-4f61-a976-ad593b395cd0",
            "id": "6e46360a-c492-4996-9789-f2815c1b23ec",
            "name": "Webhook Channel 1",
            "product": "IINT",
            "property": [
              {
                "display_value": "",
                "key": "payload",
                "label": "Payload Template",
                "value": "{}"
              }
            ],
            "status": "DEFAULT",
            "type": "WEBHOOK"
          },
          "sensitive_attributes": [],
          "private": "bnVsbA==",
          "dependencies": [
            "newrelic_notification_destination.webhook_destination"
          ]
        },
        {
          "index_key": 1,
          "schema_version": 0,
          "attributes": {
            "account_id": 4438265,
            "active": true,
            "destination_id": "9041a6ba-7d40-406f-947e-1750e28e59ef",
            "id": "926e475d-d6ae-4256-adfa-317459d4bad3",
            "name": "Webhook Channel 2",
            "product": "IINT",
            "property": [
              {
                "display_value": "",
                "key": "payload",
                "label": "Payload Template",
                "value": "{}"
              }
            ],
            "status": "DEFAULT",
            "type": "WEBHOOK"
          },
          "sensitive_attributes": [],
          "private": "bnVsbA==",
          "dependencies": [
            "newrelic_notification_destination.webhook_destination"
          ]
        }
      ]
    },
    {
      "mode": "managed",
      "type": "newrelic_notification_destination",
      "name": "webhook_destination",
      "provider": "provider[\"registry.terraform.io/newrelic/newrelic\"]",
      "instances": [
        {
          "index_key": 0,
          "schema_version": 1,
          "attributes": {
            "account_id": 4438265,
            "active": true,
            "auth_basic": [],
            "auth_custom_header": [],
            "auth_token": [],
            "guid": "NDQzODI2NXxBSU9QU3xERVNUSU5BVElPTnw1ZDFhM2M3Ni05MTE4LTRmNjEtYTk3Ni1hZDU5M2IzOTVjZDA",
            "id": "5d1a3c76-9118-4f61-a976-ad593b395cd0",
            "last_sent": "",
            "name": "Webhook Destination 1",
            "property": [
              {
                "display_value": "",
                "key": "url",
                "label": "",
                "value": "https://webhook.example.com/endpoint1"
              }
            ],
            "secure_url": [],
            "status": "DEFAULT",
            "type": "WEBHOOK"
          },
          "sensitive_attributes": [],
          "private": "eyJzY2hlbWFfdmVyc2lvbiI6IjEifQ=="
        },
        {
          "index_key": 1,
          "schema_version": 1,
          "attributes": {
            "account_id": 4438265,
            "active": true,
            "auth_basic": [],
            "auth_custom_header": [],
            "auth_token": [],
            "guid": "NDQzODI2NXxBSU9QU3xERVNUSU5BVElPTnw5MDQxYTZiYS03ZDQwLTQwNmYtOTQ3ZS0xNzUwZTI4ZTU5ZWY",
            "id": "9041a6ba-7d40-406f-947e-1750e28e59ef",
            "last_sent": "",
            "name": "Webhook Destination 2",
            "property": [
              {
                "display_value": "",
                "key": "url",
                "label": "",
                "value": "https://webhook.example.com/endpoint2"
              }
            ],
            "secure_url": [],
            "status": "DEFAULT",
            "type": "WEBHOOK"
          },
          "sensitive_attributes": [],
          "private": "eyJzY2hlbWFfdmVyc2lvbiI6IjEifQ=="
        }
      ]
    },
    {
      "mode": "managed",
      "type": "newrelic_workflow",
      "name": "example_workflow",
      "provider": "provider[\"registry.terraform.io/newrelic/newrelic\"]",
      "instances": [
        {
          "schema_version": 1,
          "attributes": {
            "account_id": 4438265,
            "destination": [
              {
                "channel_id": "6e46360a-c492-4996-9789-f2815c1b23ec",
                "name": "Webhook Channel 1",
                "notification_triggers": [
                  "ACKNOWLEDGED",
                  "ACTIVATED",
                  "CLOSED",
                  "PRIORITY_CHANGED"
                ],
                "type": "WEBHOOK",
                "update_original_message": true
              },
              {
                "channel_id": "926e475d-d6ae-4256-adfa-317459d4bad3",
                "name": "Webhook Channel 2",
                "notification_triggers": [
                  "ACKNOWLEDGED",
                  "ACTIVATED",
                  "CLOSED",
                  "PRIORITY_CHANGED"
                ],
                "type": "WEBHOOK",
                "update_original_message": true
              }
            ],
            "destinations_enabled": true,
            "enabled": true,
            "enrichments": [],
            "enrichments_enabled": true,
            "guid": "NDQzODI2NXxBSU9QU3xXT1JLRkxPV3xlNWJhNzA1MC1mZmE2LTRkZjAtOTNiNi0xNzU2YmJkNDAxZjg",
            "id": "e5ba7050-ffa6-4df0-93b6-1756bbd401f8",
            "issues_filter": [
              {
                "filter_id": "49f0b5f5-ae2d-446a-95c1-eb9552914d16",
                "name": "filter-name-TEST",
                "predicate": [
                  {
                    "attribute": "accumulations.tag.team",
                    "operator": "EXACTLY_MATCHES",
                    "values": [
                      "growth"
                    ]
                  }
                ],
                "type": "FILTER"
              }
            ],
            "last_run": "",
            "muting_rules_handling": "NOTIFY_ALL_ISSUES",
            "name": "workflow-example-Test",
            "workflow_id": "e5ba7050-ffa6-4df0-93b6-1756bbd401f8"
          },
          "sensitive_attributes": [],
          "private": "eyJzY2hlbWFfdmVyc2lvbiI6IjEifQ==",
          "dependencies": [
            "newrelic_notification_channel.webhook_channel",
            "newrelic_notification_destination.webhook_destination"
          ]
        }
      ]
    }
  ],
  "check_results": null
}
